
Microsoft Visual Studio Solution File, Format Version 12.00
# Visual Studio Version 16
VisualStudioVersion = 16.0.29728.190
MinimumVisualStudioVersion = 10.0.40219.1
Project("{FAE04EC0-301F-11D3-BF4B-00C04F79EFBC}") = "shitu_eg", "shitu_eg.csproj", "{F10E87FE-2109-458D-98EE-FEF727488710}"
EndProject
Project("{54435603-DBB4-11D2-8724-00A0C9A8B90C}") = "yuming", "..\yuming\yuming.vdproj", "{A74BB7FA-AA26-4DC8-9116-A371EA2E4539}"
EndProject
Global
	GlobalSection(SolutionConfigurationPlatforms) = preSolution
		Debug|Any CPU = Debug|Any CPU
		Release|Any CPU = Release|Any CPU
	EndGlobalSection
	GlobalSection(ProjectConfigurationPlatforms) = postSolution
		{F10E87FE-2109-458D-98EE-FEF727488710}.Debug|Any CPU.ActiveCfg = Debug|Any CPU
		{F10E87FE-2109-458D-98EE-FEF727488710}.Debug|Any CPU.Build.0 = Debug|Any CPU
		{F10E87FE-2109-458D-98EE-FEF727488710}.Release|Any CPU.ActiveCfg = Release|Any CPU
		{F10E87FE-2109-458D-98EE-FEF727488710}.Release|Any CPU.Build.0 = Release|Any CPU
		{A74BB7FA-AA26-4DC8-9116-A371EA2E4539}.Debug|Any CPU.ActiveCfg = Debug
		{A74BB7FA-AA26-4DC8-9116-A371EA2E4539}.Release|Any CPU.ActiveCfg = Release
	EndGlobalSection
	GlobalSection(SolutionProperties) = preSolution
		HideSolutionNode = FALSE
	EndGlobalSection
	GlobalSection(ExtensibilityGlobals) = postSolution
		SolutionGuid = {ED9AB4DE-9E1C-4CDF-B511-5769112ED4C7}
	EndGlobalSection
EndGlobal
